
Microsoft Visual Studio Solution File, Format Version 12.00
# Visual Studio Version 16
VisualStudioVersion = 16.0.30907.101
MinimumVisualStudioVersion = 10.0.40219.1
Project("{FAE04EC0-301F-11D3-BF4B-00C04F79EFBC}") = "MvcKutuphane", "MvcKutuphane\MvcKutuphane.csproj", "{0623255B-F9EA-4397-9236-3D39F293351F}"
EndProject
Global
	GlobalSection(SolutionConfigurationPlatforms) = preSolution
		Debug|Any CPU = Debug|Any CPU
		Release|Any CPU = Release|Any CPU
	EndGlobalSection
	GlobalSection(ProjectConfigurationPlatforms) = postSolution
		{0623255B-F9EA-4397-9236-3D39F293351F}.Debug|Any CPU.ActiveCfg = Debug|Any CPU
		{0623255B-F9EA-4397-9236-3D39F293351F}.Debug|Any CPU.Build.0 = Debug|Any CPU
		{0623255B-F9EA-4397-9236-3D39F293351F}.Release|Any CPU.ActiveCfg = Release|Any CPU
		{0623255B-F9EA-4397-9236-3D39F293351F}.Release|Any CPU.Build.0 = Release|Any CPU
	EndGlobalSection
	GlobalSection(SolutionProperties) = preSolution
		HideSolutionNode = FALSE
	EndGlobalSection
	GlobalSection(ExtensibilityGlobals) = postSolution
		SolutionGuid = {4324358D-E2BC-46E0-92D8-EE4A94A17F86}
	EndGlobalSection
EndGlobal
